Microsoft Visual Studio Solution File, Format Version 11.00
# Visual Studio 2008

Project("{E048E9D6-2477-80E8-F0C2-7E18AB363206}") = "AlertPrototype", "Assembly-CSharp.csproj", "{98573D68-2017-CDFE-C68F-6801F9861A95}"
EndProject
Project("{E048E9D6-2477-80E8-F0C2-7E18AB363206}") = "AlertPrototype", "Assembly-CSharp-Editor.csproj", "{ED218A88-A142-7FA5-AB46-8B1C4F483B3E}"
EndProject
Project("{E048E9D6-2477-80E8-F0C2-7E18AB363206}") = "AlertPrototype", "Assembly-UnityScript.unityproj", "{7E68C65F-8A19-4267-17FA-8AFFD2A39024}"
EndProject
Global
	GlobalSection(SolutionConfigurationPlatforms) = preSolution
		Debug|Any CPU = Debug|Any CPU
		Release|Any CPU = Release|Any CPU
	EndGlobalSection
	GlobalSection(ProjectConfigurationPlatforms) = postSolution
		{98573D68-2017-CDFE-C68F-6801F9861A95}.Debug|Any CPU.ActiveCfg = Debug|Any CPU
		{98573D68-2017-CDFE-C68F-6801F9861A95}.Debug|Any CPU.Build.0 = Debug|Any CPU
		{98573D68-2017-CDFE-C68F-6801F9861A95}.Release|Any CPU.ActiveCfg = Release|Any CPU
		{98573D68-2017-CDFE-C68F-6801F9861A95}.Release|Any CPU.Build.0 = Release|Any CPU
		{ED218A88-A142-7FA5-AB46-8B1C4F483B3E}.Debug|Any CPU.ActiveCfg = Debug|Any CPU
		{ED218A88-A142-7FA5-AB46-8B1C4F483B3E}.Debug|Any CPU.Build.0 = Debug|Any CPU
		{ED218A88-A142-7FA5-AB46-8B1C4F483B3E}.Release|Any CPU.ActiveCfg = Release|Any CPU
		{ED218A88-A142-7FA5-AB46-8B1C4F483B3E}.Release|Any CPU.Build.0 = Release|Any CPU
		{7E68C65F-8A19-4267-17FA-8AFFD2A39024}.Debug|Any CPU.ActiveCfg = Debug|Any CPU
		{7E68C65F-8A19-4267-17FA-8AFFD2A39024}.Debug|Any CPU.Build.0 = Debug|Any CPU
		{7E68C65F-8A19-4267-17FA-8AFFD2A39024}.Release|Any CPU.ActiveCfg = Release|Any CPU
		{7E68C65F-8A19-4267-17FA-8AFFD2A39024}.Release|Any CPU.Build.0 = Release|Any CPU
	EndGlobalSection
	GlobalSection(SolutionProperties) = preSolution
		HideSolutionNode = FALSE
	EndGlobalSection
														GlobalSection(MonoDevelopProperties) = preSolution
		StartupItem = Assembly-CSharp.csproj
		Policies = $0
		$0.TextStylePolicy = $1
		$1.inheritsSet = null
		$1.scope = text/x-csharp
		$0.CSharpFormattingPolicy = $2
		$2.inheritsSet = Mono
		$2.inheritsScope = text/x-csharp
		$2.scope = text/x-csharp
		$0.TextStylePolicy = $3
		$3.FileWidth = 120
		$3.TabWidth = 4
		$3.EolMarker = Unix
		$3.inheritsSet = Mono
		$3.inheritsScope = text/plain
		$3.scope = text/plain
	EndGlobalSection

EndGlobal
